
Microsoft Visual Studio Solution File, Format Version 12.00
# Visual Studio Version 16
VisualStudioVersion = 16.0.29009.5
MinimumVisualStudioVersion = 10.0.40219.1
Project("{9A19103F-16F7-4668-BE54-9A1E7A4F7556}") = "Actualsis.Core.Applet", "Actualsis.Core.Applet\Actualsis.Core.Applet.csproj", "{3EBC471F-E3A0-4BE9-9495-5D706870FBDA}"
EndProject
Project("{9A19103F-16F7-4668-BE54-9A1E7A4F7556}") = "Actualsis.Infrastructure.JobCamp", "Actualsis.Infrastructure.JobCamp\Actualsis.Infrastructure.JobCamp.csproj", "{C44F1A1E-AFAC-45F0-AB86-172F87F0BBD3}"
EndProject
Project("{2150E333-8FDC-42A3-9474-1A3956D46DE8}") = "01 UI", "01 UI", "{2BB20D39-EAD1-44A7-A953-4F53B4086B17}"
EndProject
Project("{2150E333-8FDC-42A3-9474-1A3956D46DE8}") = "02 Infrastructure", "02 Infrastructure", "{D549BC42-00AD-44AF-BA1C-AD01C4008D94}"
EndProject
Project("{2150E333-8FDC-42A3-9474-1A3956D46DE8}") = "03 Common", "03 Common", "{287ED36A-0668-4D27-8CE2-04B325AA2C96}"
EndProject
Project("{FAE04EC0-301F-11D3-BF4B-00C04F79EFBC}") = "Actualsis.Base.Common", "Actualsis.Base.Common\Actualsis.Base.Common.csproj", "{9F6B9169-DF92-45E5-8DBD-AA6C01182932}"
EndProject
Project("{2150E333-8FDC-42A3-9474-1A3956D46DE8}") = "04 Repositonry", "04 Repositonry", "{4B3C6768-15AB-4250-A0CA-D06CFFD95EEE}"
EndProject
Project("{FAE04EC0-301F-11D3-BF4B-00C04F79EFBC}") = "Actualsis.Core.Repository", "Actualsis.Core.Repository\Actualsis.Core.Repository.csproj", "{309E6BB1-1036-4A7D-BEBE-7EDF0E9DB13B}"
EndProject
Project("{2150E333-8FDC-42A3-9474-1A3956D46DE8}") = "05 Domain", "05 Domain", "{3124D9D2-C5DB-4872-A232-A74AF81F99F4}"
EndProject
Project("{FAE04EC0-301F-11D3-BF4B-00C04F79EFBC}") = "Actualsis.Base.Redis", "Actualsis.Base.Redis\Actualsis.Base.Redis.csproj", "{928DE7E4-35D4-4ADA-99C9-546E36A1CF2D}"
EndProject
Global
	GlobalSection(SolutionConfigurationPlatforms) = preSolution
		Debug|Any CPU = Debug|Any CPU
		Release|Any CPU = Release|Any CPU
	EndGlobalSection
	GlobalSection(ProjectConfigurationPlatforms) = postSolution
		{3EBC471F-E3A0-4BE9-9495-5D706870FBDA}.Debug|Any CPU.ActiveCfg = Debug|Any CPU
		{3EBC471F-E3A0-4BE9-9495-5D706870FBDA}.Debug|Any CPU.Build.0 = Debug|Any CPU
		{3EBC471F-E3A0-4BE9-9495-5D706870FBDA}.Release|Any CPU.ActiveCfg = Release|Any CPU
		{3EBC471F-E3A0-4BE9-9495-5D706870FBDA}.Release|Any CPU.Build.0 = Release|Any CPU
		{C44F1A1E-AFAC-45F0-AB86-172F87F0BBD3}.Debug|Any CPU.ActiveCfg = Debug|Any CPU
		{C44F1A1E-AFAC-45F0-AB86-172F87F0BBD3}.Debug|Any CPU.Build.0 = Debug|Any CPU
		{C44F1A1E-AFAC-45F0-AB86-172F87F0BBD3}.Release|Any CPU.ActiveCfg = Release|Any CPU
		{C44F1A1E-AFAC-45F0-AB86-172F87F0BBD3}.Release|Any CPU.Build.0 = Release|Any CPU
		{9F6B9169-DF92-45E5-8DBD-AA6C01182932}.Debug|Any CPU.ActiveCfg = Debug|Any CPU
		{9F6B9169-DF92-45E5-8DBD-AA6C01182932}.Debug|Any CPU.Build.0 = Debug|Any CPU
		{9F6B9169-DF92-45E5-8DBD-AA6C01182932}.Release|Any CPU.ActiveCfg = Release|Any CPU
		{9F6B9169-DF92-45E5-8DBD-AA6C01182932}.Release|Any CPU.Build.0 = Release|Any CPU
		{309E6BB1-1036-4A7D-BEBE-7EDF0E9DB13B}.Debug|Any CPU.ActiveCfg = Debug|Any CPU
		{309E6BB1-1036-4A7D-BEBE-7EDF0E9DB13B}.Debug|Any CPU.Build.0 = Debug|Any CPU
		{309E6BB1-1036-4A7D-BEBE-7EDF0E9DB13B}.Release|Any CPU.ActiveCfg = Release|Any CPU
		{309E6BB1-1036-4A7D-BEBE-7EDF0E9DB13B}.Release|Any CPU.Build.0 = Release|Any CPU
		{928DE7E4-35D4-4ADA-99C9-546E36A1CF2D}.Debug|Any CPU.ActiveCfg = Debug|Any CPU
		{928DE7E4-35D4-4ADA-99C9-546E36A1CF2D}.Debug|Any CPU.Build.0 = Debug|Any CPU
		{928DE7E4-35D4-4ADA-99C9-546E36A1CF2D}.Release|Any CPU.ActiveCfg = Release|Any CPU
		{928DE7E4-35D4-4ADA-99C9-546E36A1CF2D}.Release|Any CPU.Build.0 = Release|Any CPU
	EndGlobalSection
	GlobalSection(SolutionProperties) = preSolution
		HideSolutionNode = FALSE
	EndGlobalSection
	GlobalSection(NestedProjects) = preSolution
		{3EBC471F-E3A0-4BE9-9495-5D706870FBDA} = {2BB20D39-EAD1-44A7-A953-4F53B4086B17}
		{C44F1A1E-AFAC-45F0-AB86-172F87F0BBD3} = {D549BC42-00AD-44AF-BA1C-AD01C4008D94}
		{9F6B9169-DF92-45E5-8DBD-AA6C01182932} = {287ED36A-0668-4D27-8CE2-04B325AA2C96}
		{309E6BB1-1036-4A7D-BEBE-7EDF0E9DB13B} = {4B3C6768-15AB-4250-A0CA-D06CFFD95EEE}
		{928DE7E4-35D4-4ADA-99C9-546E36A1CF2D} = {287ED36A-0668-4D27-8CE2-04B325AA2C96}
	EndGlobalSection
	GlobalSection(ExtensibilityGlobals) = postSolution
		SolutionGuid = {08C23613-8979-499F-9ED5-62F3E6DD6F6F}
	EndGlobalSection
EndGlobal
